
Microsoft Visual Studio Solution File, Format Version 12.00
# Visual Studio Version 17
VisualStudioVersion = 17.8.34330.188
MinimumVisualStudioVersion = 10.0.40219.1
Project("{FAE04EC0-301F-11D3-BF4B-00C04F79EFBC}") = "Client", "Client\Client.csproj", "{6906D28D-DD71-4CFD-8A3E-F575681E4C77}"
EndProject
Project("{FAE04EC0-301F-11D3-BF4B-00C04F79EFBC}") = "Server", "Server\Server.csproj", "{2E3E53CD-23C1-4210-B56D-7279A205CC63}"
EndProject
Global
	GlobalSection(SolutionConfigurationPlatforms) = preSolution
		Debug|Any CPU = Debug|Any CPU
		Release|Any CPU = Release|Any CPU
	EndGlobalSection
	GlobalSection(ProjectConfigurationPlatforms) = postSolution
		{6906D28D-DD71-4CFD-8A3E-F575681E4C77}.Debug|Any CPU.ActiveCfg = Debug|Any CPU
		{6906D28D-DD71-4CFD-8A3E-F575681E4C77}.Debug|Any CPU.Build.0 = Debug|Any CPU
		{6906D28D-DD71-4CFD-8A3E-F575681E4C77}.Release|Any CPU.ActiveCfg = Release|Any CPU
		{6906D28D-DD71-4CFD-8A3E-F575681E4C77}.Release|Any CPU.Build.0 = Release|Any CPU
		{2E3E53CD-23C1-4210-B56D-7279A205CC63}.Debug|Any CPU.ActiveCfg = Debug|Any CPU
		{2E3E53CD-23C1-4210-B56D-7279A205CC63}.Debug|Any CPU.Build.0 = Debug|Any CPU
		{2E3E53CD-23C1-4210-B56D-7279A205CC63}.Release|Any CPU.ActiveCfg = Release|Any CPU
		{2E3E53CD-23C1-4210-B56D-7279A205CC63}.Release|Any CPU.Build.0 = Release|Any CPU
	EndGlobalSection
	GlobalSection(SolutionProperties) = preSolution
		HideSolutionNode = FALSE
	EndGlobalSection
	GlobalSection(ExtensibilityGlobals) = postSolution
		SolutionGuid = {478542F9-9EAD-4944-B329-963562EABB12}
	EndGlobalSection
EndGlobal
